// !$*UTF8*$!
{
	archiveVersion = 1;
	classes = {
	};
	objectVersion = 46;
	objects = {

/* Begin PBXBuildFile section */
		419668671D78A88F001A89AC /* HistoryViewController.swift in Sources */ = {isa = PBXBuildFile; fileRef = 419668661D78A88F001A89AC /* HistoryViewController.swift */; };
		419668691D78B834001A89AC /* HistoryStore.swift in Sources */ = {isa = PBXBuildFile; fileRef = 419668681D78B834001A89AC /* HistoryStore.swift */; };
		41EA1D271D7A1403000B4C3C /* HistoryCell.swift in Sources */ = {isa = PBXBuildFile; fileRef = 41EA1D261D7A1403000B4C3C /* HistoryCell.swift */; };
		EF3501921D70BC620036C39E /* AppDelegate.swift in Sources */ = {isa = PBXBuildFile; fileRef = EF3501911D70BC620036C39E /* AppDelegate.swift */; };
		EF3501941D70BC620036C39E /* CardCheckerViewController.swift in Sources */ = {isa = PBXBuildFile; fileRef = EF3501931D70BC620036C39E /* CardCheckerViewController.swift */; };
		EF3501971D70BC620036C39E /* Main.storyboard in Resources */ = {isa = PBXBuildFile; fileRef = EF3501951D70BC620036C39E /* Main.storyboard */; };
		EF3501991D70BC620036C39E /* Assets.xcassets in Resources */ = {isa = PBXBuildFile; fileRef = EF3501981D70BC620036C39E /* Assets.xcassets */; };
		EF35019C1D70BC620036C39E /* LaunchScreen.storyboard in Resources */ = {isa = PBXBuildFile; fileRef = EF35019A1D70BC620036C39E /* LaunchScreen.storyboard */; };
		EF3501A41D71F4F00036C39E /* CardCheckerClient.swift in Sources */ = {isa = PBXBuildFile; fileRef = EF3501A31D71F4F00036C39E /* CardCheckerClient.swift */; };
/* End PBXBuildFile section */

/* Begin PBXFileReference section */
		419668661D78A88F001A89AC /* HistoryViewController.swift */ = {isa = PBXFileReference; fileEncoding = 4; lastKnownFileType = sourcecode.swift; path = HistoryViewController.swift; sourceTree = "<group>"; };
		419668681D78B834001A89AC /* HistoryStore.swift */ = {isa = PBXFileReference; fileEncoding = 4; lastKnownFileType = sourcecode.swift; path = HistoryStore.swift; sourceTree = "<group>"; };
		41EA1D261D7A1403000B4C3C /* HistoryCell.swift */ = {isa = PBXFileReference; fileEncoding = 4; lastKnownFileType = sourcecode.swift; path = HistoryCell.swift; sourceTree = "<group>"; };
		EF35018E1D70BC620036C39E /* CardChecker.app */ = {isa = PBXFileReference; explicitFileType = wrapper.application; includeInIndex = 0; path = CardChecker.app; sourceTree = BUILT_PRODUCTS_DIR; };
		EF3501911D70BC620036C39E /* AppDelegate.swift */ = {isa = PBXFileReference; lastKnownFileType = sourcecode.swift; path = AppDelegate.swift; sourceTree = "<group>"; };
		EF3501931D70BC620036C39E /* CardCheckerViewController.swift */ = {isa = PBXFileReference; lastKnownFileType = sourcecode.swift; path = CardCheckerViewController.swift; sourceTree = "<group>"; };
		EF3501961D70BC620036C39E /* Base */ = {isa = PBXFileReference; lastKnownFileType = file.storyboard; name = Base; path = Base.lproj/Main.storyboard; sourceTree = "<group>"; };
		EF3501981D70BC620036C39E /* Assets.xcassets */ = {isa = PBXFileReference; lastKnownFileType = folder.assetcatalog; path = Assets.xcassets; sourceTree = "<group>"; };
		EF35019B1D70BC620036C39E /* Base */ = {isa = PBXFileReference; lastKnownFileType = file.storyboard; name = Base; path = Base.lproj/LaunchScreen.storyboard; sourceTree = "<group>"; };
		EF35019D1D70BC620036C39E /* Info.plist */ = {isa = PBXFileReference; lastKnownFileType = text.plist.xml; path = Info.plist; sourceTree = "<group>"; };
		EF3501A31D71F4F00036C39E /* CardCheckerClient.swift */ = {isa = PBXFileReference; fileEncoding = 4; lastKnownFileType = sourcecode.swift; path = CardCheckerClient.swift; sourceTree = "<group>"; };
/* End PBXFileReference section */

/* Begin PBXFrameworksBuildPhase section */
		EF35018B1D70BC620036C39E /* Frameworks */ = {
			isa = PBXFrameworksBuildPhase;
			buildActionMask = 2147483647;
			files = (
			);
			runOnlyForDeploymentPostprocessing = 0;
		};
/* End PBXFrameworksBuildPhase section */

/* Begin PBXGroup section */
		EF3501851D70BC620036C39E = {
			isa = PBXGroup;
			children = (
				EF3501901D70BC620036C39E /* CardChecker */,
				EF35018F1D70BC620036C39E /* Products */,
			);
			sourceTree = "<group>";
		};
		EF35018F1D70BC620036C39E /* Products */ = {
			isa = PBXGroup;
			children = (
				EF35018E1D70BC620036C39E /* CardChecker.app */,
			);
			name = Products;
			sourceTree = "<group>";
		};
		EF3501901D70BC620036C39E /* CardChecker */ = {
			isa = PBXGroup;
			children = (
				EF3501911D70BC620036C39E /* AppDelegate.swift */,
				EF3501931D70BC620036C39E /* CardCheckerViewController.swift */,
				EF3501951D70BC620036C39E /* Main.storyboard */,
				EF3501981D70BC620036C39E /* Assets.xcassets */,
				EF35019A1D70BC620036C39E /* LaunchScreen.storyboard */,
				EF35019D1D70BC620036C39E /* Info.plist */,
				EF3501A31D71F4F00036C39E /* CardCheckerClient.swift */,
				419668661D78A88F001A89AC /* HistoryViewController.swift */,
				419668681D78B834001A89AC /* HistoryStore.swift */,
				41EA1D261D7A1403000B4C3C /* HistoryCell.swift */,
			);
			path = CardChecker;
			sourceTree = "<group>";
		};
/* End PBXGroup section */

/* Begin PBXNativeTarget section */
		EF35018D1D70BC620036C39E /* CardChecker */ = {
			isa = PBXNativeTarget;
			buildConfigurationList = EF3501A01D70BC620036C39E /* Build configuration list for PBXNativeTarget "CardChecker" */;
			buildPhases = (
				EF35018A1D70BC620036C39E /* Sources */,
				EF35018B1D70BC620036C39E /* Frameworks */,
				EF35018C1D70BC620036C39E /* Resources */,
			);
			buildRules = (
			);
			dependencies = (
			);
			name = CardChecker;
			productName = CardChecker;
			productReference = EF35018E1D70BC620036C39E /* CardChecker.app */;
			productType = "com.apple.product-type.application";
		};
/* End PBXNativeTarget section */

/* Begin PBXProject section */
		EF3501861D70BC620036C39E /* Project object */ = {
			isa = PBXProject;
			attributes = {
				LastSwiftUpdateCheck = 0730;
				LastUpgradeCheck = 0730;
				ORGANIZATIONNAME = "Dominic Shahbazi";
				TargetAttributes = {
					EF35018D1D70BC620036C39E = {
						CreatedOnToolsVersion = 7.3.1;
						DevelopmentTeam = C5ULR574M3;
					};
				};
			};
			buildConfigurationList = EF3501891D70BC620036C39E /* Build configuration list for PBXProject "CardChecker" */;
			compatibilityVersion = "Xcode 3.2";
			developmentRegion = English;
			hasScannedForEncodings = 0;
			knownRegions = (
				en,
				Base,
			);
			mainGroup = EF3501851D70BC620036C39E;
			productRefGroup = EF35018F1D70BC620036C39E /* Products */;
			projectDirPath = "";
			projectRoot = "";
			targets = (
				EF35018D1D70BC620036C39E /* CardChecker */,
			);
		};
/* End PBXProject section */

/* Begin PBXResourcesBuildPhase section */
		EF35018C1D70BC620036C39E /* Resources */ = {
			isa = PBXResourcesBuildPhase;
			buildActionMask = 2147483647;
			files = (
				EF35019C1D70BC620036C39E /* LaunchScreen.storyboard in Resources */,
				EF3501991D70BC620036C39E /* Assets.xcassets in Resources */,
				EF3501971D70BC620036C39E /* Main.storyboard in Resources */,
			);
			runOnlyForDeploymentPostprocessing = 0;
		};
/* End PBXResourcesBuildPhase section */

/* Begin PBXSourcesBuildPhase section */
		EF35018A1D70BC620036C39E /* Sources */ = {
			isa = PBXSourcesBuildPhase;
			buildActionMask = 2147483647;
			files = (
				41EA1D271D7A1403000B4C3C /* HistoryCell.swift in Sources */,
				EF3501A41D71F4F00036C39E /* CardCheckerClient.swift in Sources */,
				EF3501941D70BC620036C39E /* CardCheckerViewController.swift in Sources */,
				419668691D78B834001A89AC /* HistoryStore.swift in Sources */,
				EF3501921D70BC620036C39E /* AppDelegate.swift in Sources */,
				419668671D78A88F001A89AC /* HistoryViewController.swift in Sources */,
			);
			runOnlyForDeploymentPostprocessing = 0;
		};
/* End PBXSourcesBuildPhase section */

/* Begin PBXVariantGroup section */
		EF3501951D70BC620036C39E /* Main.storyboard */ = {
			isa = PBXVariantGroup;
			children = (
				EF3501961D70BC620036C39E /* Base */,
			);
			name = Main.storyboard;
			sourceTree = "<group>";
		};
		EF35019A1D70BC620036C39E /* LaunchScreen.storyboard */ = {
			isa = PBXVariantGroup;
			children = (
				EF35019B1D70BC620036C39E /* Base */,
			);
			name = LaunchScreen.storyboard;
			sourceTree = "<group>";
		};
/* End PBXVariantGroup section */

/* Begin XCBuildConfiguration section */
		EF35019E1D70BC620036C39E /* Debug */ = {
			isa = XCBuildConfiguration;
			buildSettings = {
				ALWAYS_SEARCH_USER_PATHS = NO;
				CLANG_ANALYZER_NONNULL = YES;
				CLANG_CXX_LANGUAGE_STANDARD = "gnu++0x";
				CLANG_CXX_LIBRARY = "libc++";
				CLANG_ENABLE_MODULES = YES;
				CLANG_ENABLE_OBJC_ARC = YES;
				CLANG_WARN_BOOL_CONVERSION = YES;
				CLANG_WARN_CONSTANT_CONVERSION = YES;
				CLANG_WARN_DIRECT_OBJC_ISA_USAGE = YES_ERROR;
				CLANG_WARN_EMPTY_BODY = YES;
				CLANG_WARN_ENUM_CONVERSION = YES;
				CLANG_WARN_INT_CONVERSION = YES;
				CLANG_WARN_OBJC_ROOT_CLASS = YES_ERROR;
				CLANG_WARN_UNREACHABLE_CODE = YES;
				CLANG_WARN__DUPLICATE_METHOD_MATCH = YES;
				"CODE_SIGN_IDENTITY[sdk=iphoneos*]" = "iPhone Developer";
				COPY_PHASE_STRIP = NO;
				DEBUG_INFORMATION_FORMAT = dwarf;
				ENABLE_STRICT_OBJC_MSGSEND = YES;
				ENABLE_TESTABILITY = YES;
				GCC_C_LANGUAGE_STANDARD = gnu99;
				GCC_DYNAMIC_NO_PIC = NO;
				GCC_NO_COMMON_BLOCKS = YES;
				GCC_OPTIMIZATION_LEVEL = 0;
				GCC_PREPROCESSOR_DEFINITIONS = (
					"DEBUG=1",
					"$(inherited)",
				);
				GCC_WARN_64_TO_32_BIT_CONVERSION = YES;
				GCC_WARN_ABOUT_RETURN_TYPE = YES_ERROR;
				GCC_WARN_UNDECLARED_SELECTOR = YES;
				GCC_WARN_UNINITIALIZED_AUTOS = YES_AGGRESSIVE;
				GCC_WARN_UNUSED_FUNCTION = YES;
				GCC_WARN_UNUSED_VARIABLE = YES;
				IPHONEOS_DEPLOYMENT_TARGET = 9.3;
				MTL_ENABLE_DEBUG_INFO = YES;
				ONLY_ACTIVE_ARCH = YES;
				SDKROOT = iphoneos;
				SWIFT_OPTIMIZATION_LEVEL = "-Onone";
			};
			name = Debug;
		};
		EF35019F1D70BC620036C39E /* Release */ = {
			isa = XCBuildConfiguration;
			buildSettings = {
				ALWAYS_SEARCH_USER_PATHS = NO;
				CLANG_ANALYZER_NONNULL = YES;
				CLANG_CXX_LANGUAGE_STANDARD = "gnu++0x";
				CLANG_CXX_LIBRARY = "libc++";
				CLANG_ENABLE_MODULES = YES;
				CLANG_ENABLE_OBJC_ARC = YES;
				CLANG_WARN_BOOL_CONVERSION = YES;
				CLANG_WARN_CONSTANT_CONVERSION = YES;
				CLANG_WARN_DIRECT_OBJC_ISA_USAGE = YES_ERROR;
				CLANG_WARN_EMPTY_BODY = YES;
				CLANG_WARN_ENUM_CONVERSION = YES;
				CLANG_WARN_INT_CONVERSION = YES;
				CLANG_WARN_OBJC_ROOT_CLASS = YES_ERROR;
				CLANG_WARN_UNREACHABLE_CODE = YES;
				CLANG_WARN__DUPLICATE_METHOD_MATCH = YES;
				"CODE_SIGN_IDENTITY[sdk=iphoneos*]" = "iPhone Developer";
				COPY_PHASE_STRIP = NO;
				DEBUG_INFORMATION_FORMAT = "dwarf-with-dsym";
				ENABLE_NS_ASSERTIONS = NO;
				ENABLE_STRICT_OBJC_MSGSEND = YES;
				GCC_C_LANGUAGE_STANDARD = gnu99;
				GCC_NO_COMMON_BLOCKS = YES;
				GCC_WARN_64_TO_32_BIT_CONVERSION = YES;
				GCC_WARN_ABOUT_RETURN_TYPE = YES_ERROR;
				GCC_WARN_UNDECLARED_SELECTOR = YES;
				GCC_WARN_UNINITIALIZED_AUTOS = YES_AGGRESSIVE;
				GCC_WARN_UNUSED_FUNCTION = YES;
				GCC_WARN_UNUSED_VARIABLE = YES;
				IPHONEOS_DEPLOYMENT_TARGET = 9.3;
				MTL_ENABLE_DEBUG_INFO = NO;
				SDKROOT = iphoneos;
				VALIDATE_PRODUCT = YES;
			};
			name = Release;
		};
		EF3501A11D70BC620036C39E /* Debug */ = {
			isa = XCBuildConfiguration;
			buildSettings = {
				ASSETCATALOG_COMPILER_APPICON_NAME = AppIcon;
				CODE_SIGN_IDENTITY = "iPhone Developer";
				"CODE_SIGN_IDENTITY[sdk=iphoneos*]" = "iPhone Developer";
				INFOPLIST_FILE = CardChecker/Info.plist;
				LD_RUNPATH_SEARCH_PATHS = "$(inherited) @executable_path/Frameworks";
				PRODUCT_BUNDLE_IDENTIFIER = com.shabba.CardChecker;
				PRODUCT_NAME = "$(TARGET_NAME)";
				PROVISIONING_PROFILE = "";
			};
			name = Debug;
		};
		EF3501A21D70BC620036C39E /* Release */ = {
			isa = XCBuildConfiguration;
			buildSettings = {
				ASSETCATALOG_COMPILER_APPICON_NAME = AppIcon;
				CODE_SIGN_IDENTITY = "iPhone Developer";
				"CODE_SIGN_IDENTITY[sdk=iphoneos*]" = "iPhone Developer";
				INFOPLIST_FILE = CardChecker/Info.plist;
				LD_RUNPATH_SEARCH_PATHS = "$(inherited) @executable_path/Frameworks";
				PRODUCT_BUNDLE_IDENTIFIER = com.shabba.CardChecker;
				PRODUCT_NAME = "$(TARGET_NAME)";
				PROVISIONING_PROFILE = "";
			};
			name = Release;
		};
/* End XCBuildConfiguration section */

/* Begin XCConfigurationList section */
		EF3501891D70BC620036C39E /* Build configuration list for PBXProject "CardChecker" */ = {
			isa = XCConfigurationList;
			buildConfigurations = (
				EF35019E1D70BC620036C39E /* Debug */,
				EF35019F1D70BC620036C39E /* Release */,
			);
			defaultConfigurationIsVisible = 0;
			defaultConfigurationName = Release;
		};
		EF3501A01D70BC620036C39E /* Build configuration list for PBXNativeTarget "CardChecker" */ = {
			isa = XCConfigurationList;
			buildConfigurations = (
				EF3501A11D70BC620036C39E /* Debug */,
				EF3501A21D70BC620036C39E /* Release */,
			);
			defaultConfigurationIsVisible = 0;
			defaultConfigurationName = Release;
		};
/* End XCConfigurationList section */
	};
	rootObject = EF3501861D70BC620036C39E /* Project object */;
}
